
Microsoft Visual Studio Solution File, Format Version 12.00
# Visual Studio Version 17
VisualStudioVersion = 17.5.002.0
MinimumVisualStudioVersion = 10.0.40219.1
Project("{2150E333-8FDC-42A3-9474-1A3956D46DE8}") = "csharp-prep", "csharp-prep", "{9ADBDF6F-2A91-4740-892D-53545B3B11A6}"
EndProject
Project("{9A19103F-16F7-4668-BE54-9A1E7A4F7556}") = "Prep1", "csharp-prep\Prep1\Prep1.csproj", "{9B0822EF-E84B-4DD5-9310-1445FC462125}"
EndProject
Project("{9A19103F-16F7-4668-BE54-9A1E7A4F7556}") = "Prep2", "csharp-prep\Prep2\Prep2.csproj", "{7E8B2302-71C6-4C62-8914-D23E81C58735}"
EndProject
Project("{9A19103F-16F7-4668-BE54-9A1E7A4F7556}") = "Prep3", "csharp-prep\Prep3\Prep3.csproj", "{D05AC2AD-E741-4E0A-8787-91E630B7D883}"
EndProject
Project("{9A19103F-16F7-4668-BE54-9A1E7A4F7556}") = "Prep4", "csharp-prep\Prep4\Prep4.csproj", "{2FB4A534-D11D-4486-89F4-ACF341420F28}"
EndProject
Project("{9A19103F-16F7-4668-BE54-9A1E7A4F7556}") = "Prep5", "csharp-prep\Prep5\Prep5.csproj", "{2E5D61AA-2F88-4532-A3AE-221EAA487916}"
EndProject
Project("{2150E333-8FDC-42A3-9474-1A3956D46DE8}") = "final", "final", "{18AD262D-1C97-4335-8F6F-4142DFFE6088}"
EndProject
Project("{9A19103F-16F7-4668-BE54-9A1E7A4F7556}") = "FinalProject", "final\FinalProject\FinalProject.csproj", "{64CEB2CF-526F-42D9-9C63-6B14C84DA2F9}"
EndProject
Project("{9A19103F-16F7-4668-BE54-9A1E7A4F7556}") = "Foundation1", "final\Foundation1\Foundation1.csproj", "{C7E3CAD9-8B02-454B-8958-76A67358B94A}"
EndProject
Project("{9A19103F-16F7-4668-BE54-9A1E7A4F7556}") = "Foundation2", "final\Foundation2\Foundation2.csproj", "{2E2E18B4-2033-42A9-B10A-52A78A0099FF}"
EndProject
Project("{9A19103F-16F7-4668-BE54-9A1E7A4F7556}") = "Foundation3", "final\Foundation3\Foundation3.csproj", "{E9F0EEA0-823E-4817-AFF1-18488D812BD1}"
EndProject
Project("{9A19103F-16F7-4668-BE54-9A1E7A4F7556}") = "Foundation4", "final\Foundation4\Foundation4.csproj", "{FDDFB2BC-9A53-48CD-B5DA-75CE750D3151}"
EndProject
Project("{2150E333-8FDC-42A3-9474-1A3956D46DE8}") = "prepare", "prepare", "{C518DBAE-A7C2-48AF-8397-809B8031A930}"
EndProject
Project("{9A19103F-16F7-4668-BE54-9A1E7A4F7556}") = "Learning02", "prepare\Learning02\Learning02.csproj", "{D7904627-AE32-4D53-A9F0-144932234AFC}"
EndProject
Project("{9A19103F-16F7-4668-BE54-9A1E7A4F7556}") = "Learning03", "prepare\Learning03\Learning03.csproj", "{AF4DEDD5-F1C3-48B0-990B-1F3A3125FE77}"
EndProject
Project("{9A19103F-16F7-4668-BE54-9A1E7A4F7556}") = "Learning04", "prepare\Learning04\Learning04.csproj", "{2D869830-71DE-4651-8ECE-F5B2F8ACC6D1}"
EndProject
Project("{9A19103F-16F7-4668-BE54-9A1E7A4F7556}") = "Learning05", "prepare\Learning05\Learning05.csproj", "{EFA81C13-EA1A-4624-AC17-D7792726A5A3}"
EndProject
Project("{2150E333-8FDC-42A3-9474-1A3956D46DE8}") = "prove", "prove", "{203A0940-458C-4277-9E6E-90B60D68E609}"
EndProject
Project("{9A19103F-16F7-4668-BE54-9A1E7A4F7556}") = "Develop02", "prove\Develop02\Develop02.csproj", "{11EC60F8-6A3E-43F1-B466-D153D1B0A700}"
EndProject
Project("{9A19103F-16F7-4668-BE54-9A1E7A4F7556}") = "Develop03", "prove\Develop03\Develop03.csproj", "{40209379-31AF-4E12-A537-E85E3B2B6EA4}"
EndProject
Project("{9A19103F-16F7-4668-BE54-9A1E7A4F7556}") = "Develop04", "prove\Develop04\Develop04.csproj", "{A93CE547-610A-4ADF-AB54-F91A6E2801AC}"
EndProject
Project("{9A19103F-16F7-4668-BE54-9A1E7A4F7556}") = "Develop05", "prove\Develop05\Develop05.csproj", "{81D07BBB-B9C7-48BF-B70C-5555F1ECC970}"
EndProject
Project("{2150E333-8FDC-42A3-9474-1A3956D46DE8}") = "sandbox", "sandbox", "{7FED298D-80DE-4F70-807A-1C55652B279C}"
EndProject
Project("{9A19103F-16F7-4668-BE54-9A1E7A4F7556}") = "Sandbox", "sandbox\Sandbox\Sandbox.csproj", "{C6DE9B64-C943-4EA7-BD3E-58195C58A5C2}"
EndProject
Global
	GlobalSection(SolutionConfigurationPlatforms) = preSolution
		Debug|Any CPU = Debug|Any CPU
		Release|Any CPU = Release|Any CPU
	EndGlobalSection
	GlobalSection(ProjectConfigurationPlatforms) = postSolution
		{9B0822EF-E84B-4DD5-9310-1445FC462125}.Debug|Any CPU.ActiveCfg = Debug|Any CPU
		{9B0822EF-E84B-4DD5-9310-1445FC462125}.Debug|Any CPU.Build.0 = Debug|Any CPU
		{9B0822EF-E84B-4DD5-9310-1445FC462125}.Release|Any CPU.ActiveCfg = Release|Any CPU
		{9B0822EF-E84B-4DD5-9310-1445FC462125}.Release|Any CPU.Build.0 = Release|Any CPU
		{7E8B2302-71C6-4C62-8914-D23E81C58735}.Debug|Any CPU.ActiveCfg = Debug|Any CPU
		{7E8B2302-71C6-4C62-8914-D23E81C58735}.Debug|Any CPU.Build.0 = Debug|Any CPU
		{7E8B2302-71C6-4C62-8914-D23E81C58735}.Release|Any CPU.ActiveCfg = Release|Any CPU
		{7E8B2302-71C6-4C62-8914-D23E81C58735}.Release|Any CPU.Build.0 = Release|Any CPU
		{D05AC2AD-E741-4E0A-8787-91E630B7D883}.Debug|Any CPU.ActiveCfg = Debug|Any CPU
		{D05AC2AD-E741-4E0A-8787-91E630B7D883}.Debug|Any CPU.Build.0 = Debug|Any CPU
		{D05AC2AD-E741-4E0A-8787-91E630B7D883}.Release|Any CPU.ActiveCfg = Release|Any CPU
		{D05AC2AD-E741-4E0A-8787-91E630B7D883}.Release|Any CPU.Build.0 = Release|Any CPU
		{2FB4A534-D11D-4486-89F4-ACF341420F28}.Debug|Any CPU.ActiveCfg = Debug|Any CPU
		{2FB4A534-D11D-4486-89F4-ACF341420F28}.Debug|Any CPU.Build.0 = Debug|Any CPU
		{2FB4A534-D11D-4486-89F4-ACF341420F28}.Release|Any CPU.ActiveCfg = Release|Any CPU
		{2FB4A534-D11D-4486-89F4-ACF341420F28}.Release|Any CPU.Build.0 = Release|Any CPU
		{2E5D61AA-2F88-4532-A3AE-221EAA487916}.Debug|Any CPU.ActiveCfg = Debug|Any CPU
		{2E5D61AA-2F88-4532-A3AE-221EAA487916}.Debug|Any CPU.Build.0 = Debug|Any CPU
		{2E5D61AA-2F88-4532-A3AE-221EAA487916}.Release|Any CPU.ActiveCfg = Release|Any CPU
		{2E5D61AA-2F88-4532-A3AE-221EAA487916}.Release|Any CPU.Build.0 = Release|Any CPU
		{64CEB2CF-526F-42D9-9C63-6B14C84DA2F9}.Debug|Any CPU.ActiveCfg = Debug|Any CPU
		{64CEB2CF-526F-42D9-9C63-6B14C84DA2F9}.Debug|Any CPU.Build.0 = Debug|Any CPU
		{64CEB2CF-526F-42D9-9C63-6B14C84DA2F9}.Release|Any CPU.ActiveCfg = Release|Any CPU
		{64CEB2CF-526F-42D9-9C63-6B14C84DA2F9}.Release|Any CPU.Build.0 = Release|Any CPU
		{C7E3CAD9-8B02-454B-8958-76A67358B94A}.Debug|Any CPU.ActiveCfg = Debug|Any CPU
		{C7E3CAD9-8B02-454B-8958-76A67358B94A}.Debug|Any CPU.Build.0 = Debug|Any CPU
		{C7E3CAD9-8B02-454B-8958-76A67358B94A}.Release|Any CPU.ActiveCfg = Release|Any CPU
		{C7E3CAD9-8B02-454B-8958-76A67358B94A}.Release|Any CPU.Build.0 = Release|Any CPU
		{2E2E18B4-2033-42A9-B10A-52A78A0099FF}.Debug|Any CPU.ActiveCfg = Debug|Any CPU
		{2E2E18B4-2033-42A9-B10A-52A78A0099FF}.Debug|Any CPU.Build.0 = Debug|Any CPU
		{2E2E18B4-2033-42A9-B10A-52A78A0099FF}.Release|Any CPU.ActiveCfg = Release|Any CPU
		{2E2E18B4-2033-42A9-B10A-52A78A0099FF}.Release|Any CPU.Build.0 = Release|Any CPU
		{E9F0EEA0-823E-4817-AFF1-18488D812BD1}.Debug|Any CPU.ActiveCfg = Debug|Any CPU
		{E9F0EEA0-823E-4817-AFF1-18488D812BD1}.Debug|Any CPU.Build.0 = Debug|Any CPU
		{E9F0EEA0-823E-4817-AFF1-18488D812BD1}.Release|Any CPU.ActiveCfg = Release|Any CPU
		{E9F0EEA0-823E-4817-AFF1-18488D812BD1}.Release|Any CPU.Build.0 = Release|Any CPU
		{FDDFB2BC-9A53-48CD-B5DA-75CE750D3151}.Debug|Any CPU.ActiveCfg = Debug|Any CPU
		{FDDFB2BC-9A53-48CD-B5DA-75CE750D3151}.Debug|Any CPU.Build.0 = Debug|Any CPU
		{FDDFB2BC-9A53-48CD-B5DA-75CE750D3151}.Release|Any CPU.ActiveCfg = Release|Any CPU
		{FDDFB2BC-9A53-48CD-B5DA-75CE750D3151}.Release|Any CPU.Build.0 = Release|Any CPU
		{D7904627-AE32-4D53-A9F0-144932234AFC}.Debug|Any CPU.ActiveCfg = Debug|Any CPU
		{D7904627-AE32-4D53-A9F0-144932234AFC}.Debug|Any CPU.Build.0 = Debug|Any CPU
		{D7904627-AE32-4D53-A9F0-144932234AFC}.Release|Any CPU.ActiveCfg = Release|Any CPU
		{D7904627-AE32-4D53-A9F0-144932234AFC}.Release|Any CPU.Build.0 = Release|Any CPU
		{AF4DEDD5-F1C3-48B0-990B-1F3A3125FE77}.Debug|Any CPU.ActiveCfg = Debug|Any CPU
		{AF4DEDD5-F1C3-48B0-990B-1F3A3125FE77}.Debug|Any CPU.Build.0 = Debug|Any CPU
		{AF4DEDD5-F1C3-48B0-990B-1F3A3125FE77}.Release|Any CPU.ActiveCfg = Release|Any CPU
		{AF4DEDD5-F1C3-48B0-990B-1F3A3125FE77}.Release|Any CPU.Build.0 = Release|Any CPU
		{2D869830-71DE-4651-8ECE-F5B2F8ACC6D1}.Debug|Any CPU.ActiveCfg = Debug|Any CPU
		{2D869830-71DE-4651-8ECE-F5B2F8ACC6D1}.Debug|Any CPU.Build.0 = Debug|Any CPU
		{2D869830-71DE-4651-8ECE-F5B2F8ACC6D1}.Release|Any CPU.ActiveCfg = Release|Any CPU
		{2D869830-71DE-4651-8ECE-F5B2F8ACC6D1}.Release|Any CPU.Build.0 = Release|Any CPU
		{EFA81C13-EA1A-4624-AC17-D7792726A5A3}.Debug|Any CPU.ActiveCfg = Debug|Any CPU
		{EFA81C13-EA1A-4624-AC17-D7792726A5A3}.Debug|Any CPU.Build.0 = Debug|Any CPU
		{EFA81C13-EA1A-4624-AC17-D7792726A5A3}.Release|Any CPU.ActiveCfg = Release|Any CPU
		{EFA81C13-EA1A-4624-AC17-D7792726A5A3}.Release|Any CPU.Build.0 = Release|Any CPU
		{11EC60F8-6A3E-43F1-B466-D153D1B0A700}.Debug|Any CPU.ActiveCfg = Debug|Any CPU
		{11EC60F8-6A3E-43F1-B466-D153D1B0A700}.Debug|Any CPU.Build.0 = Debug|Any CPU
		{11EC60F8-6A3E-43F1-B466-D153D1B0A700}.Release|Any CPU.ActiveCfg = Release|Any CPU
		{11EC60F8-6A3E-43F1-B466-D153D1B0A700}.Release|Any CPU.Build.0 = Release|Any CPU
		{40209379-31AF-4E12-A537-E85E3B2B6EA4}.Debug|Any CPU.ActiveCfg = Debug|Any CPU
		{40209379-31AF-4E12-A537-E85E3B2B6EA4}.Debug|Any CPU.Build.0 = Debug|Any CPU
		{40209379-31AF-4E12-A537-E85E3B2B6EA4}.Release|Any CPU.ActiveCfg = Release|Any CPU
		{40209379-31AF-4E12-A537-E85E3B2B6EA4}.Release|Any CPU.Build.0 = Release|Any CPU
		{A93CE547-610A-4ADF-AB54-F91A6E2801AC}.Debug|Any CPU.ActiveCfg = Debug|Any CPU
		{A93CE547-610A-4ADF-AB54-F91A6E2801AC}.Debug|Any CPU.Build.0 = Debug|Any CPU
		{A93CE547-610A-4ADF-AB54-F91A6E2801AC}.Release|Any CPU.ActiveCfg = Release|Any CPU
		{A93CE547-610A-4ADF-AB54-F91A6E2801AC}.Release|Any CPU.Build.0 = Release|Any CPU
		{81D07BBB-B9C7-48BF-B70C-5555F1ECC970}.Debug|Any CPU.ActiveCfg = Debug|Any CPU
		{81D07BBB-B9C7-48BF-B70C-5555F1ECC970}.Debug|Any CPU.Build.0 = Debug|Any CPU
		{81D07BBB-B9C7-48BF-B70C-5555F1ECC970}.Release|Any CPU.ActiveCfg = Release|Any CPU
		{81D07BBB-B9C7-48BF-B70C-5555F1ECC970}.Release|Any CPU.Build.0 = Release|Any CPU
		{C6DE9B64-C943-4EA7-BD3E-58195C58A5C2}.Debug|Any CPU.ActiveCfg = Debug|Any CPU
		{C6DE9B64-C943-4EA7-BD3E-58195C58A5C2}.Debug|Any CPU.Build.0 = Debug|Any CPU
		{C6DE9B64-C943-4EA7-BD3E-58195C58A5C2}.Release|Any CPU.ActiveCfg = Release|Any CPU
		{C6DE9B64-C943-4EA7-BD3E-58195C58A5C2}.Release|Any CPU.Build.0 = Release|Any CPU
	EndGlobalSection
	GlobalSection(SolutionProperties) = preSolution
		HideSolutionNode = FALSE
	EndGlobalSection
	GlobalSection(NestedProjects) = preSolution
		{9B0822EF-E84B-4DD5-9310-1445FC462125} = {9ADBDF6F-2A91-4740-892D-53545B3B11A6}
		{7E8B2302-71C6-4C62-8914-D23E81C58735} = {9ADBDF6F-2A91-4740-892D-53545B3B11A6}
		{D05AC2AD-E741-4E0A-8787-91E630B7D883} = {9ADBDF6F-2A91-4740-892D-53545B3B11A6}
		{2FB4A534-D11D-4486-89F4-ACF341420F28} = {9ADBDF6F-2A91-4740-892D-53545B3B11A6}
		{2E5D61AA-2F88-4532-A3AE-221EAA487916} = {9ADBDF6F-2A91-4740-892D-53545B3B11A6}
		{64CEB2CF-526F-42D9-9C63-6B14C84DA2F9} = {18AD262D-1C97-4335-8F6F-4142DFFE6088}
		{C7E3CAD9-8B02-454B-8958-76A67358B94A} = {18AD262D-1C97-4335-8F6F-4142DFFE6088}
		{2E2E18B4-2033-42A9-B10A-52A78A0099FF} = {18AD262D-1C97-4335-8F6F-4142DFFE6088}
		{E9F0EEA0-823E-4817-AFF1-18488D812BD1} = {18AD262D-1C97-4335-8F6F-4142DFFE6088}
		{FDDFB2BC-9A53-48CD-B5DA-75CE750D3151} = {18AD262D-1C97-4335-8F6F-4142DFFE6088}
		{D7904627-AE32-4D53-A9F0-144932234AFC} = {C518DBAE-A7C2-48AF-8397-809B8031A930}
		{AF4DEDD5-F1C3-48B0-990B-1F3A3125FE77} = {C518DBAE-A7C2-48AF-8397-809B8031A930}
		{2D869830-71DE-4651-8ECE-F5B2F8ACC6D1} = {C518DBAE-A7C2-48AF-8397-809B8031A930}
		{EFA81C13-EA1A-4624-AC17-D7792726A5A3} = {C518DBAE-A7C2-48AF-8397-809B8031A930}
		{11EC60F8-6A3E-43F1-B466-D153D1B0A700} = {203A0940-458C-4277-9E6E-90B60D68E609}
		{40209379-31AF-4E12-A537-E85E3B2B6EA4} = {203A0940-458C-4277-9E6E-90B60D68E609}
		{A93CE547-610A-4ADF-AB54-F91A6E2801AC} = {203A0940-458C-4277-9E6E-90B60D68E609}
		{81D07BBB-B9C7-48BF-B70C-5555F1ECC970} = {203A0940-458C-4277-9E6E-90B60D68E609}
		{C6DE9B64-C943-4EA7-BD3E-58195C58A5C2} = {7FED298D-80DE-4F70-807A-1C55652B279C}
	EndGlobalSection
	GlobalSection(ExtensibilityGlobals) = postSolution
		SolutionGuid = {438BD4F7-F8B0-4556-8892-94D57984472D}
	EndGlobalSection
EndGlobal
